{
  "name": "serverless-tracking-pixel",
  "version": "1.0.0",
  "lockfileVersion": 1,
  "requires": true,
  "dependencies": {
    "serverless-apigw-binary": {
      "version": "0.4.4",
      "resolved": "https://registry.npmjs.org/serverless-apigw-binary/-/serverless-apigw-binary-0.4.4.tgz",
      "integrity": "sha512-2DJmQTzeXa/+8u9ekReqf7j4gQjBtzQE4MK9nlOnEz4F7MVWCQXYlLPmf2TXSoxxJZzlWvIiNzCTq6vAT9F5FQ==",
      "dev": true
    }
  }
}
